
Microsoft Visual Studio Solution File, Format Version 12.00
Project("{FAE04EC0-301F-11D3-BF4B-00C04F79EFBC}") = "Onion.Desktop", "Onion.Desktop\Onion.Desktop.csproj", "{A046D7A5-95B2-4587-B5F8-3011A8EFE347}"
EndProject
Project("{FAE04EC0-301F-11D3-BF4B-00C04F79EFBC}") = "Onion.Core", "Onion.Core\Onion.Core.csproj", "{7E9394F6-F53C-4F20-B24E-46C40B3942FE}"
EndProject
Global
	GlobalSection(SolutionConfigurationPlatforms) = preSolution
		Debug|Any CPU = Debug|Any CPU
		Release|Any CPU = Release|Any CPU
	EndGlobalSection
	GlobalSection(ProjectConfigurationPlatforms) = postSolution
		{A046D7A5-95B2-4587-B5F8-3011A8EFE347}.Debug|Any CPU.ActiveCfg = Debug|Any CPU
		{A046D7A5-95B2-4587-B5F8-3011A8EFE347}.Debug|Any CPU.Build.0 = Debug|Any CPU
		{A046D7A5-95B2-4587-B5F8-3011A8EFE347}.Release|Any CPU.ActiveCfg = Release|Any CPU
		{A046D7A5-95B2-4587-B5F8-3011A8EFE347}.Release|Any CPU.Build.0 = Release|Any CPU
		{7E9394F6-F53C-4F20-B24E-46C40B3942FE}.Debug|Any CPU.ActiveCfg = Debug|Any CPU
		{7E9394F6-F53C-4F20-B24E-46C40B3942FE}.Debug|Any CPU.Build.0 = Debug|Any CPU
		{7E9394F6-F53C-4F20-B24E-46C40B3942FE}.Release|Any CPU.ActiveCfg = Release|Any CPU
		{7E9394F6-F53C-4F20-B24E-46C40B3942FE}.Release|Any CPU.Build.0 = Release|Any CPU
	EndGlobalSection
EndGlobal
